
Microsoft Visual Studio Solution File, Format Version 12.00
# Visual Studio Version 17
VisualStudioVersion = 17.4.33403.182
MinimumVisualStudioVersion = 10.0.40219.1
Project("{FAE04EC0-301F-11D3-BF4B-00C04F79EFBC}") = "XF-2023", "XF-2023.csproj", "{A7ECCEB4-F447-452E-AF00-2E3D267A257C}"
EndProject
Global
	GlobalSection(SolutionConfigurationPlatforms) = preSolution
		Debug|Any CPU = Debug|Any CPU
		Release|Any CPU = Release|Any CPU
	EndGlobalSection
	GlobalSection(ProjectConfigurationPlatforms) = postSolution
		{A7ECCEB4-F447-452E-AF00-2E3D267A257C}.Debug|Any CPU.ActiveCfg = Debug|Any CPU
		{A7ECCEB4-F447-452E-AF00-2E3D267A257C}.Debug|Any CPU.Build.0 = Debug|Any CPU
		{A7ECCEB4-F447-452E-AF00-2E3D267A257C}.Release|Any CPU.ActiveCfg = Release|Any CPU
		{A7ECCEB4-F447-452E-AF00-2E3D267A257C}.Release|Any CPU.Build.0 = Release|Any CPU
	EndGlobalSection
	GlobalSection(SolutionProperties) = preSolution
		HideSolutionNode = FALSE
	EndGlobalSection
	GlobalSection(ExtensibilityGlobals) = postSolution
		SolutionGuid = {B15C6016-9C89-4A5B-8BE1-D876768CFB64}
	EndGlobalSection
EndGlobal
